
Microsoft Visual Studio Solution File, Format Version 12.00
# Visual Studio Version 17
VisualStudioVersion = 17.4.33205.214
MinimumVisualStudioVersion = 10.0.40219.1
Project("{8BC9CEB8-8B4A-11D0-8D11-00A0C91BC942}") = "mpi1_4", "mtpp2\mtpp2.vcxproj", "{9D62CC0B-D770-49B7-B055-CA00903D6F5F}"
EndProject
Project("{8BC9CEB8-8B4A-11D0-8D11-00A0C91BC942}") = "mpi4_1", "mpi4_1\mpi4_1.vcxproj", "{A32E4B54-C1AB-4C32-B777-E9C4EF12A9D5}"
EndProject
Project("{8BC9CEB8-8B4A-11D0-8D11-00A0C91BC942}") = "mpi4_2", "mpi4_2\mpi4_2.vcxproj", "{FE07A889-3430-4AEB-8CF8-38540055F0E9}"
EndProject
Project("{8BC9CEB8-8B4A-11D0-8D11-00A0C91BC942}") = "mpi4_3", "mpi4_3\mpi4_3.vcxproj", "{F7C18844-EBBA-4B6D-80B0-976FD55CEF7D}"
EndProject
Project("{8BC9CEB8-8B4A-11D0-8D11-00A0C91BC942}") = "mpi4_4", "mpi4_4\mpi4_4.vcxproj", "{5064EF72-408F-4379-840A-42DE0EC388F5}"
EndProject
Project("{8BC9CEB8-8B4A-11D0-8D11-00A0C91BC942}") = "mpi4_5", "mpi4_5\mpi4_5.vcxproj", "{954C5F5B-78CD-4B5E-AA01-87CB9D1918E0}"
EndProject
Project("{8BC9CEB8-8B4A-11D0-8D11-00A0C91BC942}") = "mpi4_6", "mpi4_6\mpi4_6.vcxproj", "{E7335E90-6226-4FFD-A6EC-A04D2AD539D0}"
EndProject
Project("{8BC9CEB8-8B4A-11D0-8D11-00A0C91BC942}") = "omp_1", "omp_1\omp_1.vcxproj", "{6315A3B5-0C68-49F8-B040-2B551755785D}"
EndProject
Project("{8BC9CEB8-8B4A-11D0-8D11-00A0C91BC942}") = "omp_2", "omp_2\omp_2.vcxproj", "{4B0FDE04-51FB-4A1D-A164-621F6EA49C49}"
EndProject
Project("{8BC9CEB8-8B4A-11D0-8D11-00A0C91BC942}") = "omp_3", "omp_3\omp_3.vcxproj", "{726AAC33-F509-440F-B65F-2661666C88C2}"
EndProject
Project("{8BC9CEB8-8B4A-11D0-8D11-00A0C91BC942}") = "omp_4", "omp_4\omp_4.vcxproj", "{F786F294-7E93-47C5-AA9F-3FBC9CC297E8}"
EndProject
Project("{8BC9CEB8-8B4A-11D0-8D11-00A0C91BC942}") = "omp_5", "omp_5\omp_5.vcxproj", "{D1FE54AB-57E6-4961-AE7C-9DF1ECB0F682}"
EndProject
Project("{8BC9CEB8-8B4A-11D0-8D11-00A0C91BC942}") = "omp_6", "omp_6\omp_6.vcxproj", "{CF5599ED-734C-47CE-8099-EC1BF26A0FAA}"
EndProject
Global
	GlobalSection(SolutionConfigurationPlatforms) = preSolution
		Debug|x64 = Debug|x64
		Debug|x86 = Debug|x86
		Release|x64 = Release|x64
		Release|x86 = Release|x86
	EndGlobalSection
	GlobalSection(ProjectConfigurationPlatforms) = postSolution
		{9D62CC0B-D770-49B7-B055-CA00903D6F5F}.Debug|x64.ActiveCfg = Debug|x64
		{9D62CC0B-D770-49B7-B055-CA00903D6F5F}.Debug|x64.Build.0 = Debug|x64
		{9D62CC0B-D770-49B7-B055-CA00903D6F5F}.Debug|x86.ActiveCfg = Debug|Win32
		{9D62CC0B-D770-49B7-B055-CA00903D6F5F}.Debug|x86.Build.0 = Debug|Win32
		{9D62CC0B-D770-49B7-B055-CA00903D6F5F}.Release|x64.ActiveCfg = Release|x64
		{9D62CC0B-D770-49B7-B055-CA00903D6F5F}.Release|x64.Build.0 = Release|x64
		{9D62CC0B-D770-49B7-B055-CA00903D6F5F}.Release|x86.ActiveCfg = Release|Win32
		{9D62CC0B-D770-49B7-B055-CA00903D6F5F}.Release|x86.Build.0 = Release|Win32
		{A32E4B54-C1AB-4C32-B777-E9C4EF12A9D5}.Debug|x64.ActiveCfg = Debug|x64
		{A32E4B54-C1AB-4C32-B777-E9C4EF12A9D5}.Debug|x64.Build.0 = Debug|x64
		{A32E4B54-C1AB-4C32-B777-E9C4EF12A9D5}.Debug|x86.ActiveCfg = Debug|Win32
		{A32E4B54-C1AB-4C32-B777-E9C4EF12A9D5}.Debug|x86.Build.0 = Debug|Win32
		{A32E4B54-C1AB-4C32-B777-E9C4EF12A9D5}.Release|x64.ActiveCfg = Release|x64
		{A32E4B54-C1AB-4C32-B777-E9C4EF12A9D5}.Release|x64.Build.0 = Release|x64
		{A32E4B54-C1AB-4C32-B777-E9C4EF12A9D5}.Release|x86.ActiveCfg = Release|Win32
		{A32E4B54-C1AB-4C32-B777-E9C4EF12A9D5}.Release|x86.Build.0 = Release|Win32
		{FE07A889-3430-4AEB-8CF8-38540055F0E9}.Debug|x64.ActiveCfg = Debug|x64
		{FE07A889-3430-4AEB-8CF8-38540055F0E9}.Debug|x64.Build.0 = Debug|x64
		{FE07A889-3430-4AEB-8CF8-38540055F0E9}.Debug|x86.ActiveCfg = Debug|Win32
		{FE07A889-3430-4AEB-8CF8-38540055F0E9}.Debug|x86.Build.0 = Debug|Win32
		{FE07A889-3430-4AEB-8CF8-38540055F0E9}.Release|x64.ActiveCfg = Release|x64
		{FE07A889-3430-4AEB-8CF8-38540055F0E9}.Release|x64.Build.0 = Release|x64
		{FE07A889-3430-4AEB-8CF8-38540055F0E9}.Release|x86.ActiveCfg = Release|Win32
		{FE07A889-3430-4AEB-8CF8-38540055F0E9}.Release|x86.Build.0 = Release|Win32
		{F7C18844-EBBA-4B6D-80B0-976FD55CEF7D}.Debug|x64.ActiveCfg = Debug|x64
		{F7C18844-EBBA-4B6D-80B0-976FD55CEF7D}.Debug|x64.Build.0 = Debug|x64
		{F7C18844-EBBA-4B6D-80B0-976FD55CEF7D}.Debug|x86.ActiveCfg = Debug|Win32
		{F7C18844-EBBA-4B6D-80B0-976FD55CEF7D}.Debug|x86.Build.0 = Debug|Win32
		{F7C18844-EBBA-4B6D-80B0-976FD55CEF7D}.Release|x64.ActiveCfg = Release|x64
		{F7C18844-EBBA-4B6D-80B0-976FD55CEF7D}.Release|x64.Build.0 = Release|x64
		{F7C18844-EBBA-4B6D-80B0-976FD55CEF7D}.Release|x86.ActiveCfg = Release|Win32
		{F7C18844-EBBA-4B6D-80B0-976FD55CEF7D}.Release|x86.Build.0 = Release|Win32
		{5064EF72-408F-4379-840A-42DE0EC388F5}.Debug|x64.ActiveCfg = Debug|x64
		{5064EF72-408F-4379-840A-42DE0EC388F5}.Debug|x64.Build.0 = Debug|x64
		{5064EF72-408F-4379-840A-42DE0EC388F5}.Debug|x86.ActiveCfg = Debug|Win32
		{5064EF72-408F-4379-840A-42DE0EC388F5}.Debug|x86.Build.0 = Debug|Win32
		{5064EF72-408F-4379-840A-42DE0EC388F5}.Release|x64.ActiveCfg = Release|x64
		{5064EF72-408F-4379-840A-42DE0EC388F5}.Release|x64.Build.0 = Release|x64
		{5064EF72-408F-4379-840A-42DE0EC388F5}.Release|x86.ActiveCfg = Release|Win32
		{5064EF72-408F-4379-840A-42DE0EC388F5}.Release|x86.Build.0 = Release|Win32
		{954C5F5B-78CD-4B5E-AA01-87CB9D1918E0}.Debug|x64.ActiveCfg = Debug|x64
		{954C5F5B-78CD-4B5E-AA01-87CB9D1918E0}.Debug|x64.Build.0 = Debug|x64
		{954C5F5B-78CD-4B5E-AA01-87CB9D1918E0}.Debug|x86.ActiveCfg = Debug|Win32
		{954C5F5B-78CD-4B5E-AA01-87CB9D1918E0}.Debug|x86.Build.0 = Debug|Win32
		{954C5F5B-78CD-4B5E-AA01-87CB9D1918E0}.Release|x64.ActiveCfg = Release|x64
		{954C5F5B-78CD-4B5E-AA01-87CB9D1918E0}.Release|x64.Build.0 = Release|x64
		{954C5F5B-78CD-4B5E-AA01-87CB9D1918E0}.Release|x86.ActiveCfg = Release|Win32
		{954C5F5B-78CD-4B5E-AA01-87CB9D1918E0}.Release|x86.Build.0 = Release|Win32
		{E7335E90-6226-4FFD-A6EC-A04D2AD539D0}.Debug|x64.ActiveCfg = Debug|x64
		{E7335E90-6226-4FFD-A6EC-A04D2AD539D0}.Debug|x64.Build.0 = Debug|x64
		{E7335E90-6226-4FFD-A6EC-A04D2AD539D0}.Debug|x86.ActiveCfg = Debug|Win32
		{E7335E90-6226-4FFD-A6EC-A04D2AD539D0}.Debug|x86.Build.0 = Debug|Win32
		{E7335E90-6226-4FFD-A6EC-A04D2AD539D0}.Release|x64.ActiveCfg = Release|x64
		{E7335E90-6226-4FFD-A6EC-A04D2AD539D0}.Release|x64.Build.0 = Release|x64
		{E7335E90-6226-4FFD-A6EC-A04D2AD539D0}.Release|x86.ActiveCfg = Release|Win32
		{E7335E90-6226-4FFD-A6EC-A04D2AD539D0}.Release|x86.Build.0 = Release|Win32
		{6315A3B5-0C68-49F8-B040-2B551755785D}.Debug|x64.ActiveCfg = Debug|x64
		{6315A3B5-0C68-49F8-B040-2B551755785D}.Debug|x64.Build.0 = Debug|x64
		{6315A3B5-0C68-49F8-B040-2B551755785D}.Debug|x86.ActiveCfg = Debug|Win32
		{6315A3B5-0C68-49F8-B040-2B551755785D}.Debug|x86.Build.0 = Debug|Win32
		{6315A3B5-0C68-49F8-B040-2B551755785D}.Release|x64.ActiveCfg = Release|x64
		{6315A3B5-0C68-49F8-B040-2B551755785D}.Release|x64.Build.0 = Release|x64
		{6315A3B5-0C68-49F8-B040-2B551755785D}.Release|x86.ActiveCfg = Release|Win32
		{6315A3B5-0C68-49F8-B040-2B551755785D}.Release|x86.Build.0 = Release|Win32
		{4B0FDE04-51FB-4A1D-A164-621F6EA49C49}.Debug|x64.ActiveCfg = Debug|x64
		{4B0FDE04-51FB-4A1D-A164-621F6EA49C49}.Debug|x64.Build.0 = Debug|x64
		{4B0FDE04-51FB-4A1D-A164-621F6EA49C49}.Debug|x86.ActiveCfg = Debug|Win32
		{4B0FDE04-51FB-4A1D-A164-621F6EA49C49}.Debug|x86.Build.0 = Debug|Win32
		{4B0FDE04-51FB-4A1D-A164-621F6EA49C49}.Release|x64.ActiveCfg = Release|x64
		{4B0FDE04-51FB-4A1D-A164-621F6EA49C49}.Release|x64.Build.0 = Release|x64
		{4B0FDE04-51FB-4A1D-A164-621F6EA49C49}.Release|x86.ActiveCfg = Release|Win32
		{4B0FDE04-51FB-4A1D-A164-621F6EA49C49}.Release|x86.Build.0 = Release|Win32
		{726AAC33-F509-440F-B65F-2661666C88C2}.Debug|x64.ActiveCfg = Debug|x64
		{726AAC33-F509-440F-B65F-2661666C88C2}.Debug|x64.Build.0 = Debug|x64
		{726AAC33-F509-440F-B65F-2661666C88C2}.Debug|x86.ActiveCfg = Debug|Win32
		{726AAC33-F509-440F-B65F-2661666C88C2}.Debug|x86.Build.0 = Debug|Win32
		{726AAC33-F509-440F-B65F-2661666C88C2}.Release|x64.ActiveCfg = Release|x64
		{726AAC33-F509-440F-B65F-2661666C88C2}.Release|x64.Build.0 = Release|x64
		{726AAC33-F509-440F-B65F-2661666C88C2}.Release|x86.ActiveCfg = Release|Win32
		{726AAC33-F509-440F-B65F-2661666C88C2}.Release|x86.Build.0 = Release|Win32
		{F786F294-7E93-47C5-AA9F-3FBC9CC297E8}.Debug|x64.ActiveCfg = Debug|x64
		{F786F294-7E93-47C5-AA9F-3FBC9CC297E8}.Debug|x64.Build.0 = Debug|x64
		{F786F294-7E93-47C5-AA9F-3FBC9CC297E8}.Debug|x86.ActiveCfg = Debug|Win32
		{F786F294-7E93-47C5-AA9F-3FBC9CC297E8}.Debug|x86.Build.0 = Debug|Win32
		{F786F294-7E93-47C5-AA9F-3FBC9CC297E8}.Release|x64.ActiveCfg = Release|x64
		{F786F294-7E93-47C5-AA9F-3FBC9CC297E8}.Release|x64.Build.0 = Release|x64
		{F786F294-7E93-47C5-AA9F-3FBC9CC297E8}.Release|x86.ActiveCfg = Release|Win32
		{F786F294-7E93-47C5-AA9F-3FBC9CC297E8}.Release|x86.Build.0 = Release|Win32
		{D1FE54AB-57E6-4961-AE7C-9DF1ECB0F682}.Debug|x64.ActiveCfg = Debug|x64
		{D1FE54AB-57E6-4961-AE7C-9DF1ECB0F682}.Debug|x64.Build.0 = Debug|x64
		{D1FE54AB-57E6-4961-AE7C-9DF1ECB0F682}.Debug|x86.ActiveCfg = Debug|Win32
		{D1FE54AB-57E6-4961-AE7C-9DF1ECB0F682}.Debug|x86.Build.0 = Debug|Win32
		{D1FE54AB-57E6-4961-AE7C-9DF1ECB0F682}.Release|x64.ActiveCfg = Release|x64
		{D1FE54AB-57E6-4961-AE7C-9DF1ECB0F682}.Release|x64.Build.0 = Release|x64
		{D1FE54AB-57E6-4961-AE7C-9DF1ECB0F682}.Release|x86.ActiveCfg = Release|Win32
		{D1FE54AB-57E6-4961-AE7C-9DF1ECB0F682}.Release|x86.Build.0 = Release|Win32
		{CF5599ED-734C-47CE-8099-EC1BF26A0FAA}.Debug|x64.ActiveCfg = Debug|x64
		{CF5599ED-734C-47CE-8099-EC1BF26A0FAA}.Debug|x64.Build.0 = Debug|x64
		{CF5599ED-734C-47CE-8099-EC1BF26A0FAA}.Debug|x86.ActiveCfg = Debug|Win32
		{CF5599ED-734C-47CE-8099-EC1BF26A0FAA}.Debug|x86.Build.0 = Debug|Win32
		{CF5599ED-734C-47CE-8099-EC1BF26A0FAA}.Release|x64.ActiveCfg = Release|x64
		{CF5599ED-734C-47CE-8099-EC1BF26A0FAA}.Release|x64.Build.0 = Release|x64
		{CF5599ED-734C-47CE-8099-EC1BF26A0FAA}.Release|x86.ActiveCfg = Release|Win32
		{CF5599ED-734C-47CE-8099-EC1BF26A0FAA}.Release|x86.Build.0 = Release|Win32
	EndGlobalSection
	GlobalSection(SolutionProperties) = preSolution
		HideSolutionNode = FALSE
	EndGlobalSection
	GlobalSection(ExtensibilityGlobals) = postSolution
		SolutionGuid = {A1F0376F-6354-492E-87BF-7B2A77452367}
	EndGlobalSection
EndGlobal
